
Microsoft Visual Studio Solution File, Format Version 12.00
# Visual Studio Version 16
VisualStudioVersion = 16.0.30413.136
MinimumVisualStudioVersion = 10.0.40219.1
Project("{FAE04EC0-301F-11D3-BF4B-00C04F79EFBC}") = "XertExplorer", "XertExplorer\XertExplorer.csproj", "{D3A778FE-4122-46AD-A091-CBAF09B43BF0}"
EndProject
Global
	GlobalSection(SolutionConfigurationPlatforms) = preSolution
		Debug|Any CPU = Debug|Any CPU
		Release|Any CPU = Release|Any CPU
	EndGlobalSection
	GlobalSection(ProjectConfigurationPlatforms) = postSolution
		{D3A778FE-4122-46AD-A091-CBAF09B43BF0}.Debug|Any CPU.ActiveCfg = Debug|Any CPU
		{D3A778FE-4122-46AD-A091-CBAF09B43BF0}.Debug|Any CPU.Build.0 = Debug|Any CPU
		{D3A778FE-4122-46AD-A091-CBAF09B43BF0}.Release|Any CPU.ActiveCfg = Release|Any CPU
		{D3A778FE-4122-46AD-A091-CBAF09B43BF0}.Release|Any CPU.Build.0 = Release|Any CPU
	EndGlobalSection
	GlobalSection(SolutionProperties) = preSolution
		HideSolutionNode = FALSE
	EndGlobalSection
	GlobalSection(ExtensibilityGlobals) = postSolution
		SolutionGuid = {21DC1F54-0887-4DDF-8A93-4FCDE7829ACE}
	EndGlobalSection
EndGlobal
